
Microsoft Visual Studio Solution File, Format Version 12.00
# Visual Studio Version 16
VisualStudioVersion = 16.0.32802.440
MinimumVisualStudioVersion = 10.0.40219.1
Project("{FAE04EC0-301F-11D3-BF4B-00C04F79EFBC}") = "CourseReg", "CourseReg\CourseReg.csproj", "{BFB1F4F7-D324-4581-9840-FDEF0F71F456}"
EndProject
Global
	GlobalSection(SolutionConfigurationPlatforms) = preSolution
		Debug|Any CPU = Debug|Any CPU
		Release|Any CPU = Release|Any CPU
	EndGlobalSection
	GlobalSection(ProjectConfigurationPlatforms) = postSolution
		{BFB1F4F7-D324-4581-9840-FDEF0F71F456}.Debug|Any CPU.ActiveCfg = Debug|Any CPU
		{BFB1F4F7-D324-4581-9840-FDEF0F71F456}.Debug|Any CPU.Build.0 = Debug|Any CPU
		{BFB1F4F7-D324-4581-9840-FDEF0F71F456}.Release|Any CPU.ActiveCfg = Release|Any CPU
		{BFB1F4F7-D324-4581-9840-FDEF0F71F456}.Release|Any CPU.Build.0 = Release|Any CPU
	EndGlobalSection
	GlobalSection(SolutionProperties) = preSolution
		HideSolutionNode = FALSE
	EndGlobalSection
	GlobalSection(ExtensibilityGlobals) = postSolution
		SolutionGuid = {28C51643-064B-4976-BFC7-22AA54C56B39}
	EndGlobalSection
EndGlobal
